
Microsoft Visual Studio Solution File, Format Version 12.00
# Visual Studio Version 16
VisualStudioVersion = 16.0.29509.3
MinimumVisualStudioVersion = 10.0.40219.1
Project("{9A19103F-16F7-4668-BE54-9A1E7A4F7556}") = "SingletonPattern", "SingletonPattern\SingletonPattern.csproj", "{FE5750E2-64BE-4D06-A59D-AD22B6DAFEFF}"
EndProject
Project("{9A19103F-16F7-4668-BE54-9A1E7A4F7556}") = "FactoryPattern", "FactoryPattern\FactoryPattern.csproj", "{57C62A07-483F-4A77-AC0B-CCAADCF56E61}"
EndProject
Project("{9A19103F-16F7-4668-BE54-9A1E7A4F7556}") = "FactoryMethodPattern", "FactoryMethodPattern\FactoryMethodPattern.csproj", "{2ED39789-E434-4573-8EA2-83BB53AE820E}"
EndProject
Project("{9A19103F-16F7-4668-BE54-9A1E7A4F7556}") = "DecoratorPattern", "DecoratorPattern\DecoratorPattern.csproj", "{9B1A9689-7CC4-4A69-8AC5-AA01870EE579}"
EndProject
Project("{FAE04EC0-301F-11D3-BF4B-00C04F79EFBC}") = "ObserverPattern", "ObserverPattern\ObserverPattern.csproj", "{0E590B0E-F9CF-4EE2-9D6D-4CD1CBDD64D0}"
EndProject
Global
	GlobalSection(SolutionConfigurationPlatforms) = preSolution
		Debug|Any CPU = Debug|Any CPU
		Release|Any CPU = Release|Any CPU
	EndGlobalSection
	GlobalSection(ProjectConfigurationPlatforms) = postSolution
		{FE5750E2-64BE-4D06-A59D-AD22B6DAFEFF}.Debug|Any CPU.ActiveCfg = Debug|Any CPU
		{FE5750E2-64BE-4D06-A59D-AD22B6DAFEFF}.Debug|Any CPU.Build.0 = Debug|Any CPU
		{FE5750E2-64BE-4D06-A59D-AD22B6DAFEFF}.Release|Any CPU.ActiveCfg = Release|Any CPU
		{FE5750E2-64BE-4D06-A59D-AD22B6DAFEFF}.Release|Any CPU.Build.0 = Release|Any CPU
		{57C62A07-483F-4A77-AC0B-CCAADCF56E61}.Debug|Any CPU.ActiveCfg = Debug|Any CPU
		{57C62A07-483F-4A77-AC0B-CCAADCF56E61}.Debug|Any CPU.Build.0 = Debug|Any CPU
		{57C62A07-483F-4A77-AC0B-CCAADCF56E61}.Release|Any CPU.ActiveCfg = Release|Any CPU
		{57C62A07-483F-4A77-AC0B-CCAADCF56E61}.Release|Any CPU.Build.0 = Release|Any CPU
		{2ED39789-E434-4573-8EA2-83BB53AE820E}.Debug|Any CPU.ActiveCfg = Debug|Any CPU
		{2ED39789-E434-4573-8EA2-83BB53AE820E}.Debug|Any CPU.Build.0 = Debug|Any CPU
		{2ED39789-E434-4573-8EA2-83BB53AE820E}.Release|Any CPU.ActiveCfg = Release|Any CPU
		{2ED39789-E434-4573-8EA2-83BB53AE820E}.Release|Any CPU.Build.0 = Release|Any CPU
		{9B1A9689-7CC4-4A69-8AC5-AA01870EE579}.Debug|Any CPU.ActiveCfg = Debug|Any CPU
		{9B1A9689-7CC4-4A69-8AC5-AA01870EE579}.Debug|Any CPU.Build.0 = Debug|Any CPU
		{9B1A9689-7CC4-4A69-8AC5-AA01870EE579}.Release|Any CPU.ActiveCfg = Release|Any CPU
		{9B1A9689-7CC4-4A69-8AC5-AA01870EE579}.Release|Any CPU.Build.0 = Release|Any CPU
		{0E590B0E-F9CF-4EE2-9D6D-4CD1CBDD64D0}.Debug|Any CPU.ActiveCfg = Debug|Any CPU
		{0E590B0E-F9CF-4EE2-9D6D-4CD1CBDD64D0}.Debug|Any CPU.Build.0 = Debug|Any CPU
		{0E590B0E-F9CF-4EE2-9D6D-4CD1CBDD64D0}.Release|Any CPU.ActiveCfg = Release|Any CPU
		{0E590B0E-F9CF-4EE2-9D6D-4CD1CBDD64D0}.Release|Any CPU.Build.0 = Release|Any CPU
	EndGlobalSection
	GlobalSection(SolutionProperties) = preSolution
		HideSolutionNode = FALSE
	EndGlobalSection
	GlobalSection(ExtensibilityGlobals) = postSolution
		SolutionGuid = {F313F1F1-FEE9-4D94-A029-B8BEF6782C7D}
	EndGlobalSection
EndGlobal
